
Microsoft Visual Studio Solution File, Format Version 12.00
# Visual Studio Version 16
VisualStudioVersion = 16.0.31729.503
MinimumVisualStudioVersion = 10.0.40219.1
Project("{FAE04EC0-301F-11D3-BF4B-00C04F79EFBC}") = "Vaccination_Application", "VaccinationApplicationn\Vaccination_Application.csproj", "{17B8796B-763F-40E8-85F0-985276DBC3F4}"
EndProject
Global
	GlobalSection(SolutionConfigurationPlatforms) = preSolution
		Debug|Any CPU = Debug|Any CPU
		Release|Any CPU = Release|Any CPU
	EndGlobalSection
	GlobalSection(ProjectConfigurationPlatforms) = postSolution
		{17B8796B-763F-40E8-85F0-985276DBC3F4}.Debug|Any CPU.ActiveCfg = Debug|Any CPU
		{17B8796B-763F-40E8-85F0-985276DBC3F4}.Debug|Any CPU.Build.0 = Debug|Any CPU
		{17B8796B-763F-40E8-85F0-985276DBC3F4}.Release|Any CPU.ActiveCfg = Release|Any CPU
		{17B8796B-763F-40E8-85F0-985276DBC3F4}.Release|Any CPU.Build.0 = Release|Any CPU
	EndGlobalSection
	GlobalSection(SolutionProperties) = preSolution
		HideSolutionNode = FALSE
	EndGlobalSection
	GlobalSection(ExtensibilityGlobals) = postSolution
		SolutionGuid = {754CD761-9695-4189-B26F-D7BBC8FB5E15}
	EndGlobalSection
EndGlobal
